
Microsoft Visual Studio Solution File, Format Version 12.00
# Visual Studio 14
VisualStudioVersion = 14.0.24720.0
MinimumVisualStudioVersion = 10.0.40219.1
Project("{2150E333-8FDC-42A3-9474-1A3956D46DE8}") = "PluginTestApp", "PluginTestApp", "{71976E92-9F30-4999-BA58-E668642BBC43}"
EndProject
Project("{FAE04EC0-301F-11D3-BF4B-00C04F79EFBC}") = "PluginTestApp.Win10", "PluginTestApp\PluginTestApp.Win10\PluginTestApp.Win10.csproj", "{8233BD7F-5A2D-47CF-89ED-DD502D7BAF9C}"
EndProject
Project("{FAE04EC0-301F-11D3-BF4B-00C04F79EFBC}") = "PluginTestApp.Core", "PluginTestApp\PluginTestApp.Core\PluginTestApp.Core.csproj", "{8BB6D9BD-A199-419E-8656-DB8C6F697463}"
EndProject
Project("{FAE04EC0-301F-11D3-BF4B-00C04F79EFBC}") = "PluginTestApp.Droid", "PluginTestApp\PluginTestApp.Droid\PluginTestApp.Droid.csproj", "{309C9603-7FC3-458D-B676-4EFB6E127FFC}"
EndProject
Project("{FAE04EC0-301F-11D3-BF4B-00C04F79EFBC}") = "PluginTestApp.iOS", "PluginTestApp\PluginTestApp.iOS\PluginTestApp.iOS.csproj", "{1FEB6C36-72EF-4153-8F09-8CAB202CD5EB}"
EndProject
Project("{2150E333-8FDC-42A3-9474-1A3956D46DE8}") = "InfiniteScrollPlugin", "InfiniteScrollPlugin", "{2842AE64-9422-4FEA-9FCB-3EEB17EF8BA9}"
EndProject
Project("{FAE04EC0-301F-11D3-BF4B-00C04F79EFBC}") = "Sequence.Plugins.InfiniteScroll", "InfiniteScrollPlugin\Sequence.Plugins.InfiniteScroll\Sequence.Plugins.InfiniteScroll.csproj", "{AD9D4D83-60FD-4F62-9621-39023D5E8DB2}"
EndProject
Project("{FAE04EC0-301F-11D3-BF4B-00C04F79EFBC}") = "Sequence.Plugins.InfiniteScroll.WindowsUWP", "InfiniteScrollPlugin\Sequence.Plugins.InfiniteScroll.WindowsUWP\Sequence.Plugins.InfiniteScroll.WindowsUWP.csproj", "{C0CFC4E0-EFE7-4C2C-89CD-E24E61A527F4}"
EndProject
Project("{FAE04EC0-301F-11D3-BF4B-00C04F79EFBC}") = "Sequence.Plugins.InfiniteScroll.Droid", "InfiniteScrollPlugin\Sequence.Plugins.InfiniteScroll.Droid\Sequence.Plugins.InfiniteScroll.Droid.csproj", "{E6DE867D-3573-4AD7-BAD4-04FF4AB89FD5}"
EndProject
Project("{FAE04EC0-301F-11D3-BF4B-00C04F79EFBC}") = "Sequence.Plugins.InfiniteScroll.iOS", "InfiniteScrollPlugin\Sequence.Plugins.InfiniteScroll.iOS\Sequence.Plugins.InfiniteScroll.iOS.csproj", "{75DBED6E-67B8-4207-9C66-28FFF59D827F}"
EndProject
Project("{2150E333-8FDC-42A3-9474-1A3956D46DE8}") = "Solution Items", "Solution Items", "{4699A8D1-E3AA-4E1E-9297-AF6C395FBCA6}"
	ProjectSection(SolutionItems) = preProject
		README.md = README.md
	EndProjectSection
EndProject
Global
	GlobalSection(SolutionConfigurationPlatforms) = preSolution
		Ad-Hoc|Any CPU = Ad-Hoc|Any CPU
		Ad-Hoc|ARM = Ad-Hoc|ARM
		Ad-Hoc|iPhone = Ad-Hoc|iPhone
		Ad-Hoc|iPhoneSimulator = Ad-Hoc|iPhoneSimulator
		Ad-Hoc|x64 = Ad-Hoc|x64
		Ad-Hoc|x86 = Ad-Hoc|x86
		AppStore|Any CPU = AppStore|Any CPU
		AppStore|ARM = AppStore|ARM
		AppStore|iPhone = AppStore|iPhone
		AppStore|iPhoneSimulator = AppStore|iPhoneSimulator
		AppStore|x64 = AppStore|x64
		AppStore|x86 = AppStore|x86
		Debug|Any CPU = Debug|Any CPU
		Debug|ARM = Debug|ARM
		Debug|iPhone = Debug|iPhone
		Debug|iPhoneSimulator = Debug|iPhoneSimulator
		Debug|x64 = Debug|x64
		Debug|x86 = Debug|x86
		Release|Any CPU = Release|Any CPU
		Release|ARM = Release|ARM
		Release|iPhone = Release|iPhone
		Release|iPhoneSimulator = Release|iPhoneSimulator
		Release|x64 = Release|x64
		Release|x86 = Release|x86
	EndGlobalSection
	GlobalSection(ProjectConfigurationPlatforms) = postSolution
		{8233BD7F-5A2D-47CF-89ED-DD502D7BAF9C}.Ad-Hoc|Any CPU.ActiveCfg = Release|x64
		{8233BD7F-5A2D-47CF-89ED-DD502D7BAF9C}.Ad-Hoc|Any CPU.Build.0 = Release|x64
		{8233BD7F-5A2D-47CF-89ED-DD502D7BAF9C}.Ad-Hoc|Any CPU.Deploy.0 = Release|x64
		{8233BD7F-5A2D-47CF-89ED-DD502D7BAF9C}.Ad-Hoc|ARM.ActiveCfg = Release|ARM
		{8233BD7F-5A2D-47CF-89ED-DD502D7BAF9C}.Ad-Hoc|ARM.Build.0 = Release|ARM
		{8233BD7F-5A2D-47CF-89ED-DD502D7BAF9C}.Ad-Hoc|ARM.Deploy.0 = Release|ARM
		{8233BD7F-5A2D-47CF-89ED-DD502D7BAF9C}.Ad-Hoc|iPhone.ActiveCfg = Release|x64
		{8233BD7F-5A2D-47CF-89ED-DD502D7BAF9C}.Ad-Hoc|iPhone.Build.0 = Release|x64
		{8233BD7F-5A2D-47CF-89ED-DD502D7BAF9C}.Ad-Hoc|iPhone.Deploy.0 = Release|x64
		{8233BD7F-5A2D-47CF-89ED-DD502D7BAF9C}.Ad-Hoc|iPhoneSimulator.ActiveCfg = Release|x64
		{8233BD7F-5A2D-47CF-89ED-DD502D7BAF9C}.Ad-Hoc|iPhoneSimulator.Build.0 = Release|x64
		{8233BD7F-5A2D-47CF-89ED-DD502D7BAF9C}.Ad-Hoc|iPhoneSimulator.Deploy.0 = Release|x64
		{8233BD7F-5A2D-47CF-89ED-DD502D7BAF9C}.Ad-Hoc|x64.ActiveCfg = Release|x64
		{8233BD7F-5A2D-47CF-89ED-DD502D7BAF9C}.Ad-Hoc|x64.Build.0 = Release|x64
		{8233BD7F-5A2D-47CF-89ED-DD502D7BAF9C}.Ad-Hoc|x64.Deploy.0 = Release|x64
		{8233BD7F-5A2D-47CF-89ED-DD502D7BAF9C}.Ad-Hoc|x86.ActiveCfg = Release|x86
		{8233BD7F-5A2D-47CF-89ED-DD502D7BAF9C}.Ad-Hoc|x86.Build.0 = Release|x86
		{8233BD7F-5A2D-47CF-89ED-DD502D7BAF9C}.Ad-Hoc|x86.Deploy.0 = Release|x86
		{8233BD7F-5A2D-47CF-89ED-DD502D7BAF9C}.AppStore|Any CPU.ActiveCfg = Release|x64
		{8233BD7F-5A2D-47CF-89ED-DD502D7BAF9C}.AppStore|Any CPU.Build.0 = Release|x64
		{8233BD7F-5A2D-47CF-89ED-DD502D7BAF9C}.AppStore|Any CPU.Deploy.0 = Release|x64
		{8233BD7F-5A2D-47CF-89ED-DD502D7BAF9C}.AppStore|ARM.ActiveCfg = Release|ARM
		{8233BD7F-5A2D-47CF-89ED-DD502D7BAF9C}.AppStore|ARM.Build.0 = Release|ARM
		{8233BD7F-5A2D-47CF-89ED-DD502D7BAF9C}.AppStore|ARM.Deploy.0 = Release|ARM
		{8233BD7F-5A2D-47CF-89ED-DD502D7BAF9C}.AppStore|iPhone.ActiveCfg = Release|x64
		{8233BD7F-5A2D-47CF-89ED-DD502D7BAF9C}.AppStore|iPhone.Build.0 = Release|x64
		{8233BD7F-5A2D-47CF-89ED-DD502D7BAF9C}.AppStore|iPhone.Deploy.0 = Release|x64
		{8233BD7F-5A2D-47CF-89ED-DD502D7BAF9C}.AppStore|iPhoneSimulator.ActiveCfg = Release|x64
		{8233BD7F-5A2D-47CF-89ED-DD502D7BAF9C}.AppStore|iPhoneSimulator.Build.0 = Release|x64
		{8233BD7F-5A2D-47CF-89ED-DD502D7BAF9C}.AppStore|iPhoneSimulator.Deploy.0 = Release|x64
		{8233BD7F-5A2D-47CF-89ED-DD502D7BAF9C}.AppStore|x64.ActiveCfg = Release|x64
		{8233BD7F-5A2D-47CF-89ED-DD502D7BAF9C}.AppStore|x64.Build.0 = Release|x64
		{8233BD7F-5A2D-47CF-89ED-DD502D7BAF9C}.AppStore|x64.Deploy.0 = Release|x64
		{8233BD7F-5A2D-47CF-89ED-DD502D7BAF9C}.AppStore|x86.ActiveCfg = Release|x86
		{8233BD7F-5A2D-47CF-89ED-DD502D7BAF9C}.AppStore|x86.Build.0 = Release|x86
		{8233BD7F-5A2D-47CF-89ED-DD502D7BAF9C}.AppStore|x86.Deploy.0 = Release|x86
		{8233BD7F-5A2D-47CF-89ED-DD502D7BAF9C}.Debug|Any CPU.ActiveCfg = Debug|x86
		{8233BD7F-5A2D-47CF-89ED-DD502D7BAF9C}.Debug|Any CPU.Build.0 = Debug|x86
		{8233BD7F-5A2D-47CF-89ED-DD502D7BAF9C}.Debug|Any CPU.Deploy.0 = Debug|x86
		{8233BD7F-5A2D-47CF-89ED-DD502D7BAF9C}.Debug|ARM.ActiveCfg = Debug|ARM
		{8233BD7F-5A2D-47CF-89ED-DD502D7BAF9C}.Debug|ARM.Build.0 = Debug|ARM
		{8233BD7F-5A2D-47CF-89ED-DD502D7BAF9C}.Debug|ARM.Deploy.0 = Debug|ARM
		{8233BD7F-5A2D-47CF-89ED-DD502D7BAF9C}.Debug|iPhone.ActiveCfg = Debug|x86
		{8233BD7F-5A2D-47CF-89ED-DD502D7BAF9C}.Debug|iPhoneSimulator.ActiveCfg = Debug|x86
		{8233BD7F-5A2D-47CF-89ED-DD502D7BAF9C}.Debug|x64.ActiveCfg = Debug|x64
		{8233BD7F-5A2D-47CF-89ED-DD502D7BAF9C}.Debug|x64.Build.0 = Debug|x64
		{8233BD7F-5A2D-47CF-89ED-DD502D7BAF9C}.Debug|x64.Deploy.0 = Debug|x64
		{8233BD7F-5A2D-47CF-89ED-DD502D7BAF9C}.Debug|x86.ActiveCfg = Debug|x86
		{8233BD7F-5A2D-47CF-89ED-DD502D7BAF9C}.Debug|x86.Build.0 = Debug|x86
		{8233BD7F-5A2D-47CF-89ED-DD502D7BAF9C}.Debug|x86.Deploy.0 = Debug|x86
		{8233BD7F-5A2D-47CF-89ED-DD502D7BAF9C}.Release|Any CPU.ActiveCfg = Release|x86
		{8233BD7F-5A2D-47CF-89ED-DD502D7BAF9C}.Release|Any CPU.Build.0 = Release|x86
		{8233BD7F-5A2D-47CF-89ED-DD502D7BAF9C}.Release|ARM.ActiveCfg = Release|ARM
		{8233BD7F-5A2D-47CF-89ED-DD502D7BAF9C}.Release|ARM.Build.0 = Release|ARM
		{8233BD7F-5A2D-47CF-89ED-DD502D7BAF9C}.Release|ARM.Deploy.0 = Release|ARM
		{8233BD7F-5A2D-47CF-89ED-DD502D7BAF9C}.Release|iPhone.ActiveCfg = Release|x86
		{8233BD7F-5A2D-47CF-89ED-DD502D7BAF9C}.Release|iPhoneSimulator.ActiveCfg = Release|x86
		{8233BD7F-5A2D-47CF-89ED-DD502D7BAF9C}.Release|x64.ActiveCfg = Release|x64
		{8233BD7F-5A2D-47CF-89ED-DD502D7BAF9C}.Release|x64.Build.0 = Release|x64
		{8233BD7F-5A2D-47CF-89ED-DD502D7BAF9C}.Release|x64.Deploy.0 = Release|x64
		{8233BD7F-5A2D-47CF-89ED-DD502D7BAF9C}.Release|x86.ActiveCfg = Release|x86
		{8233BD7F-5A2D-47CF-89ED-DD502D7BAF9C}.Release|x86.Build.0 = Release|x86
		{8233BD7F-5A2D-47CF-89ED-DD502D7BAF9C}.Release|x86.Deploy.0 = Release|x86
		{8BB6D9BD-A199-419E-8656-DB8C6F697463}.Ad-Hoc|Any CPU.ActiveCfg = Release|Any CPU
		{8BB6D9BD-A199-419E-8656-DB8C6F697463}.Ad-Hoc|Any CPU.Build.0 = Release|Any CPU
		{8BB6D9BD-A199-419E-8656-DB8C6F697463}.Ad-Hoc|ARM.ActiveCfg = Release|Any CPU
		{8BB6D9BD-A199-419E-8656-DB8C6F697463}.Ad-Hoc|ARM.Build.0 = Release|Any CPU
		{8BB6D9BD-A199-419E-8656-DB8C6F697463}.Ad-Hoc|iPhone.ActiveCfg = Release|Any CPU
		{8BB6D9BD-A199-419E-8656-DB8C6F697463}.Ad-Hoc|iPhone.Build.0 = Release|Any CPU
		{8BB6D9BD-A199-419E-8656-DB8C6F697463}.Ad-Hoc|iPhoneSimulator.ActiveCfg = Release|Any CPU
		{8BB6D9BD-A199-419E-8656-DB8C6F697463}.Ad-Hoc|iPhoneSimulator.Build.0 = Release|Any CPU
		{8BB6D9BD-A199-419E-8656-DB8C6F697463}.Ad-Hoc|x64.ActiveCfg = Release|Any CPU
		{8BB6D9BD-A199-419E-8656-DB8C6F697463}.Ad-Hoc|x64.Build.0 = Release|Any CPU
		{8BB6D9BD-A199-419E-8656-DB8C6F697463}.Ad-Hoc|x86.ActiveCfg = Release|Any CPU
		{8BB6D9BD-A199-419E-8656-DB8C6F697463}.Ad-Hoc|x86.Build.0 = Release|Any CPU
		{8BB6D9BD-A199-419E-8656-DB8C6F697463}.AppStore|Any CPU.ActiveCfg = Release|Any CPU
		{8BB6D9BD-A199-419E-8656-DB8C6F697463}.AppStore|Any CPU.Build.0 = Release|Any CPU
		{8BB6D9BD-A199-419E-8656-DB8C6F697463}.AppStore|ARM.ActiveCfg = Release|Any CPU
		{8BB6D9BD-A199-419E-8656-DB8C6F697463}.AppStore|ARM.Build.0 = Release|Any CPU
		{8BB6D9BD-A199-419E-8656-DB8C6F697463}.AppStore|iPhone.ActiveCfg = Release|Any CPU
		{8BB6D9BD-A199-419E-8656-DB8C6F697463}.AppStore|iPhone.Build.0 = Release|Any CPU
		{8BB6D9BD-A199-419E-8656-DB8C6F697463}.AppStore|iPhoneSimulator.ActiveCfg = Release|Any CPU
		{8BB6D9BD-A199-419E-8656-DB8C6F697463}.AppStore|iPhoneSimulator.Build.0 = Release|Any CPU
		{8BB6D9BD-A199-419E-8656-DB8C6F697463}.AppStore|x64.ActiveCfg = Release|Any CPU
		{8BB6D9BD-A199-419E-8656-DB8C6F697463}.AppStore|x64.Build.0 = Release|Any CPU
		{8BB6D9BD-A199-419E-8656-DB8C6F697463}.AppStore|x86.ActiveCfg = Release|Any CPU
		{8BB6D9BD-A199-419E-8656-DB8C6F697463}.AppStore|x86.Build.0 = Release|Any CPU
		{8BB6D9BD-A199-419E-8656-DB8C6F697463}.Debug|Any CPU.ActiveCfg = Debug|Any CPU
		{8BB6D9BD-A199-419E-8656-DB8C6F697463}.Debug|Any CPU.Build.0 = Debug|Any CPU
		{8BB6D9BD-A199-419E-8656-DB8C6F697463}.Debug|ARM.ActiveCfg = Debug|Any CPU
		{8BB6D9BD-A199-419E-8656-DB8C6F697463}.Debug|ARM.Build.0 = Debug|Any CPU
		{8BB6D9BD-A199-419E-8656-DB8C6F697463}.Debug|iPhone.ActiveCfg = Debug|Any CPU
		{8BB6D9BD-A199-419E-8656-DB8C6F697463}.Debug|iPhone.Build.0 = Debug|Any CPU
		{8BB6D9BD-A199-419E-8656-DB8C6F697463}.Debug|iPhoneSimulator.ActiveCfg = Debug|Any CPU
		{8BB6D9BD-A199-419E-8656-DB8C6F697463}.Debug|iPhoneSimulator.Build.0 = Debug|Any CPU
		{8BB6D9BD-A199-419E-8656-DB8C6F697463}.Debug|x64.ActiveCfg = Debug|Any CPU
		{8BB6D9BD-A199-419E-8656-DB8C6F697463}.Debug|x64.Build.0 = Debug|Any CPU
		{8BB6D9BD-A199-419E-8656-DB8C6F697463}.Debug|x86.ActiveCfg = Debug|Any CPU
		{8BB6D9BD-A199-419E-8656-DB8C6F697463}.Debug|x86.Build.0 = Debug|Any CPU
		{8BB6D9BD-A199-419E-8656-DB8C6F697463}.Release|Any CPU.ActiveCfg = Release|Any CPU
		{8BB6D9BD-A199-419E-8656-DB8C6F697463}.Release|Any CPU.Build.0 = Release|Any CPU
		{8BB6D9BD-A199-419E-8656-DB8C6F697463}.Release|ARM.ActiveCfg = Release|Any CPU
		{8BB6D9BD-A199-419E-8656-DB8C6F697463}.Release|ARM.Build.0 = Release|Any CPU
		{8BB6D9BD-A199-419E-8656-DB8C6F697463}.Release|iPhone.ActiveCfg = Release|Any CPU
		{8BB6D9BD-A199-419E-8656-DB8C6F697463}.Release|iPhone.Build.0 = Release|Any CPU
		{8BB6D9BD-A199-419E-8656-DB8C6F697463}.Release|iPhoneSimulator.ActiveCfg = Release|Any CPU
		{8BB6D9BD-A199-419E-8656-DB8C6F697463}.Release|iPhoneSimulator.Build.0 = Release|Any CPU
		{8BB6D9BD-A199-419E-8656-DB8C6F697463}.Release|x64.ActiveCfg = Release|Any CPU
		{8BB6D9BD-A199-419E-8656-DB8C6F697463}.Release|x64.Build.0 = Release|Any CPU
		{8BB6D9BD-A199-419E-8656-DB8C6F697463}.Release|x86.ActiveCfg = Release|Any CPU
		{8BB6D9BD-A199-419E-8656-DB8C6F697463}.Release|x86.Build.0 = Release|Any CPU
		{309C9603-7FC3-458D-B676-4EFB6E127FFC}.Ad-Hoc|Any CPU.ActiveCfg = Release|Any CPU
		{309C9603-7FC3-458D-B676-4EFB6E127FFC}.Ad-Hoc|Any CPU.Build.0 = Release|Any CPU
		{309C9603-7FC3-458D-B676-4EFB6E127FFC}.Ad-Hoc|Any CPU.Deploy.0 = Release|Any CPU
		{309C9603-7FC3-458D-B676-4EFB6E127FFC}.Ad-Hoc|ARM.ActiveCfg = Release|Any CPU
		{309C9603-7FC3-458D-B676-4EFB6E127FFC}.Ad-Hoc|ARM.Build.0 = Release|Any CPU
		{309C9603-7FC3-458D-B676-4EFB6E127FFC}.Ad-Hoc|ARM.Deploy.0 = Release|Any CPU
		{309C9603-7FC3-458D-B676-4EFB6E127FFC}.Ad-Hoc|iPhone.ActiveCfg = Release|Any CPU
		{309C9603-7FC3-458D-B676-4EFB6E127FFC}.Ad-Hoc|iPhone.Build.0 = Release|Any CPU
		{309C9603-7FC3-458D-B676-4EFB6E127FFC}.Ad-Hoc|iPhone.Deploy.0 = Release|Any CPU
		{309C9603-7FC3-458D-B676-4EFB6E127FFC}.Ad-Hoc|iPhoneSimulator.ActiveCfg = Release|Any CPU
		{309C9603-7FC3-458D-B676-4EFB6E127FFC}.Ad-Hoc|iPhoneSimulator.Build.0 = Release|Any CPU
		{309C9603-7FC3-458D-B676-4EFB6E127FFC}.Ad-Hoc|iPhoneSimulator.Deploy.0 = Release|Any CPU
		{309C9603-7FC3-458D-B676-4EFB6E127FFC}.Ad-Hoc|x64.ActiveCfg = Release|Any CPU
		{309C9603-7FC3-458D-B676-4EFB6E127FFC}.Ad-Hoc|x64.Build.0 = Release|Any CPU
		{309C9603-7FC3-458D-B676-4EFB6E127FFC}.Ad-Hoc|x64.Deploy.0 = Release|Any CPU
		{309C9603-7FC3-458D-B676-4EFB6E127FFC}.Ad-Hoc|x86.ActiveCfg = Release|Any CPU
		{309C9603-7FC3-458D-B676-4EFB6E127FFC}.Ad-Hoc|x86.Build.0 = Release|Any CPU
		{309C9603-7FC3-458D-B676-4EFB6E127FFC}.Ad-Hoc|x86.Deploy.0 = Release|Any CPU
		{309C9603-7FC3-458D-B676-4EFB6E127FFC}.AppStore|Any CPU.ActiveCfg = Release|Any CPU
		{309C9603-7FC3-458D-B676-4EFB6E127FFC}.AppStore|Any CPU.Build.0 = Release|Any CPU
		{309C9603-7FC3-458D-B676-4EFB6E127FFC}.AppStore|Any CPU.Deploy.0 = Release|Any CPU
		{309C9603-7FC3-458D-B676-4EFB6E127FFC}.AppStore|ARM.ActiveCfg = Release|Any CPU
		{309C9603-7FC3-458D-B676-4EFB6E127FFC}.AppStore|ARM.Build.0 = Release|Any CPU
		{309C9603-7FC3-458D-B676-4EFB6E127FFC}.AppStore|ARM.Deploy.0 = Release|Any CPU
		{309C9603-7FC3-458D-B676-4EFB6E127FFC}.AppStore|iPhone.ActiveCfg = Release|Any CPU
		{309C9603-7FC3-458D-B676-4EFB6E127FFC}.AppStore|iPhone.Build.0 = Release|Any CPU
		{309C9603-7FC3-458D-B676-4EFB6E127FFC}.AppStore|iPhone.Deploy.0 = Release|Any CPU
		{309C9603-7FC3-458D-B676-4EFB6E127FFC}.AppStore|iPhoneSimulator.ActiveCfg = Release|Any CPU
		{309C9603-7FC3-458D-B676-4EFB6E127FFC}.AppStore|iPhoneSimulator.Build.0 = Release|Any CPU
		{309C9603-7FC3-458D-B676-4EFB6E127FFC}.AppStore|iPhoneSimulator.Deploy.0 = Release|Any CPU
		{309C9603-7FC3-458D-B676-4EFB6E127FFC}.AppStore|x64.ActiveCfg = Release|Any CPU
		{309C9603-7FC3-458D-B676-4EFB6E127FFC}.AppStore|x64.Build.0 = Release|Any CPU
		{309C9603-7FC3-458D-B676-4EFB6E127FFC}.AppStore|x64.Deploy.0 = Release|Any CPU
		{309C9603-7FC3-458D-B676-4EFB6E127FFC}.AppStore|x86.ActiveCfg = Release|Any CPU
		{309C9603-7FC3-458D-B676-4EFB6E127FFC}.AppStore|x86.Build.0 = Release|Any CPU
		{309C9603-7FC3-458D-B676-4EFB6E127FFC}.AppStore|x86.Deploy.0 = Release|Any CPU
		{309C9603-7FC3-458D-B676-4EFB6E127FFC}.Debug|Any CPU.ActiveCfg = Debug|Any CPU
		{309C9603-7FC3-458D-B676-4EFB6E127FFC}.Debug|Any CPU.Build.0 = Debug|Any CPU
		{309C9603-7FC3-458D-B676-4EFB6E127FFC}.Debug|Any CPU.Deploy.0 = Debug|Any CPU
		{309C9603-7FC3-458D-B676-4EFB6E127FFC}.Debug|ARM.ActiveCfg = Debug|Any CPU
		{309C9603-7FC3-458D-B676-4EFB6E127FFC}.Debug|ARM.Build.0 = Debug|Any CPU
		{309C9603-7FC3-458D-B676-4EFB6E127FFC}.Debug|ARM.Deploy.0 = Debug|Any CPU
		{309C9603-7FC3-458D-B676-4EFB6E127FFC}.Debug|iPhone.ActiveCfg = Debug|Any CPU
		{309C9603-7FC3-458D-B676-4EFB6E127FFC}.Debug|iPhone.Build.0 = Debug|Any CPU
		{309C9603-7FC3-458D-B676-4EFB6E127FFC}.Debug|iPhone.Deploy.0 = Debug|Any CPU
		{309C9603-7FC3-458D-B676-4EFB6E127FFC}.Debug|iPhoneSimulator.ActiveCfg = Debug|Any CPU
		{309C9603-7FC3-458D-B676-4EFB6E127FFC}.Debug|iPhoneSimulator.Build.0 = Debug|Any CPU
		{309C9603-7FC3-458D-B676-4EFB6E127FFC}.Debug|iPhoneSimulator.Deploy.0 = Debug|Any CPU
		{309C9603-7FC3-458D-B676-4EFB6E127FFC}.Debug|x64.ActiveCfg = Debug|Any CPU
		{309C9603-7FC3-458D-B676-4EFB6E127FFC}.Debug|x64.Build.0 = Debug|Any CPU
		{309C9603-7FC3-458D-B676-4EFB6E127FFC}.Debug|x64.Deploy.0 = Debug|Any CPU
		{309C9603-7FC3-458D-B676-4EFB6E127FFC}.Debug|x86.ActiveCfg = Debug|Any CPU
		{309C9603-7FC3-458D-B676-4EFB6E127FFC}.Debug|x86.Build.0 = Debug|Any CPU
		{309C9603-7FC3-458D-B676-4EFB6E127FFC}.Debug|x86.Deploy.0 = Debug|Any CPU
		{309C9603-7FC3-458D-B676-4EFB6E127FFC}.Release|Any CPU.ActiveCfg = Release|Any CPU
		{309C9603-7FC3-458D-B676-4EFB6E127FFC}.Release|Any CPU.Build.0 = Release|Any CPU
		{309C9603-7FC3-458D-B676-4EFB6E127FFC}.Release|Any CPU.Deploy.0 = Release|Any CPU
		{309C9603-7FC3-458D-B676-4EFB6E127FFC}.Release|ARM.ActiveCfg = Release|Any CPU
		{309C9603-7FC3-458D-B676-4EFB6E127FFC}.Release|ARM.Build.0 = Release|Any CPU
		{309C9603-7FC3-458D-B676-4EFB6E127FFC}.Release|ARM.Deploy.0 = Release|Any CPU
		{309C9603-7FC3-458D-B676-4EFB6E127FFC}.Release|iPhone.ActiveCfg = Release|Any CPU
		{309C9603-7FC3-458D-B676-4EFB6E127FFC}.Release|iPhone.Build.0 = Release|Any CPU
		{309C9603-7FC3-458D-B676-4EFB6E127FFC}.Release|iPhone.Deploy.0 = Release|Any CPU
		{309C9603-7FC3-458D-B676-4EFB6E127FFC}.Release|iPhoneSimulator.ActiveCfg = Release|Any CPU
		{309C9603-7FC3-458D-B676-4EFB6E127FFC}.Release|iPhoneSimulator.Build.0 = Release|Any CPU
		{309C9603-7FC3-458D-B676-4EFB6E127FFC}.Release|iPhoneSimulator.Deploy.0 = Release|Any CPU
		{309C9603-7FC3-458D-B676-4EFB6E127FFC}.Release|x64.ActiveCfg = Release|Any CPU
		{309C9603-7FC3-458D-B676-4EFB6E127FFC}.Release|x64.Build.0 = Release|Any CPU
		{309C9603-7FC3-458D-B676-4EFB6E127FFC}.Release|x64.Deploy.0 = Release|Any CPU
		{309C9603-7FC3-458D-B676-4EFB6E127FFC}.Release|x86.ActiveCfg = Release|Any CPU
		{309C9603-7FC3-458D-B676-4EFB6E127FFC}.Release|x86.Build.0 = Release|Any CPU
		{309C9603-7FC3-458D-B676-4EFB6E127FFC}.Release|x86.Deploy.0 = Release|Any CPU
		{1FEB6C36-72EF-4153-8F09-8CAB202CD5EB}.Ad-Hoc|Any CPU.ActiveCfg = Ad-Hoc|iPhone
		{1FEB6C36-72EF-4153-8F09-8CAB202CD5EB}.Ad-Hoc|ARM.ActiveCfg = Ad-Hoc|iPhone
		{1FEB6C36-72EF-4153-8F09-8CAB202CD5EB}.Ad-Hoc|iPhone.ActiveCfg = Ad-Hoc|iPhone
		{1FEB6C36-72EF-4153-8F09-8CAB202CD5EB}.Ad-Hoc|iPhone.Build.0 = Ad-Hoc|iPhone
		{1FEB6C36-72EF-4153-8F09-8CAB202CD5EB}.Ad-Hoc|iPhoneSimulator.ActiveCfg = Ad-Hoc|iPhoneSimulator
		{1FEB6C36-72EF-4153-8F09-8CAB202CD5EB}.Ad-Hoc|iPhoneSimulator.Build.0 = Ad-Hoc|iPhoneSimulator
		{1FEB6C36-72EF-4153-8F09-8CAB202CD5EB}.Ad-Hoc|x64.ActiveCfg = Ad-Hoc|iPhone
		{1FEB6C36-72EF-4153-8F09-8CAB202CD5EB}.Ad-Hoc|x86.ActiveCfg = Ad-Hoc|iPhone
		{1FEB6C36-72EF-4153-8F09-8CAB202CD5EB}.AppStore|Any CPU.ActiveCfg = AppStore|iPhone
		{1FEB6C36-72EF-4153-8F09-8CAB202CD5EB}.AppStore|ARM.ActiveCfg = AppStore|iPhone
		{1FEB6C36-72EF-4153-8F09-8CAB202CD5EB}.AppStore|iPhone.ActiveCfg = AppStore|iPhone
		{1FEB6C36-72EF-4153-8F09-8CAB202CD5EB}.AppStore|iPhone.Build.0 = AppStore|iPhone
		{1FEB6C36-72EF-4153-8F09-8CAB202CD5EB}.AppStore|iPhoneSimulator.ActiveCfg = AppStore|iPhoneSimulator
		{1FEB6C36-72EF-4153-8F09-8CAB202CD5EB}.AppStore|iPhoneSimulator.Build.0 = AppStore|iPhoneSimulator
		{1FEB6C36-72EF-4153-8F09-8CAB202CD5EB}.AppStore|x64.ActiveCfg = AppStore|iPhone
		{1FEB6C36-72EF-4153-8F09-8CAB202CD5EB}.AppStore|x86.ActiveCfg = AppStore|iPhone
		{1FEB6C36-72EF-4153-8F09-8CAB202CD5EB}.Debug|Any CPU.ActiveCfg = Debug|iPhoneSimulator
		{1FEB6C36-72EF-4153-8F09-8CAB202CD5EB}.Debug|Any CPU.Build.0 = Debug|iPhoneSimulator
		{1FEB6C36-72EF-4153-8F09-8CAB202CD5EB}.Debug|Any CPU.Deploy.0 = Debug|iPhoneSimulator
		{1FEB6C36-72EF-4153-8F09-8CAB202CD5EB}.Debug|ARM.ActiveCfg = Debug|iPhone
		{1FEB6C36-72EF-4153-8F09-8CAB202CD5EB}.Debug|iPhone.ActiveCfg = Debug|iPhoneSimulator
		{1FEB6C36-72EF-4153-8F09-8CAB202CD5EB}.Debug|iPhone.Build.0 = Debug|iPhoneSimulator
		{1FEB6C36-72EF-4153-8F09-8CAB202CD5EB}.Debug|iPhoneSimulator.ActiveCfg = Debug|iPhoneSimulator
		{1FEB6C36-72EF-4153-8F09-8CAB202CD5EB}.Debug|iPhoneSimulator.Build.0 = Debug|iPhoneSimulator
		{1FEB6C36-72EF-4153-8F09-8CAB202CD5EB}.Debug|x64.ActiveCfg = Debug|iPhone
		{1FEB6C36-72EF-4153-8F09-8CAB202CD5EB}.Debug|x86.ActiveCfg = Debug|iPhone
		{1FEB6C36-72EF-4153-8F09-8CAB202CD5EB}.Release|Any CPU.ActiveCfg = Release|iPhone
		{1FEB6C36-72EF-4153-8F09-8CAB202CD5EB}.Release|Any CPU.Build.0 = Release|iPhone
		{1FEB6C36-72EF-4153-8F09-8CAB202CD5EB}.Release|ARM.ActiveCfg = Release|iPhone
		{1FEB6C36-72EF-4153-8F09-8CAB202CD5EB}.Release|iPhone.ActiveCfg = Release|iPhone
		{1FEB6C36-72EF-4153-8F09-8CAB202CD5EB}.Release|iPhone.Build.0 = Release|iPhone
		{1FEB6C36-72EF-4153-8F09-8CAB202CD5EB}.Release|iPhoneSimulator.ActiveCfg = Release|iPhoneSimulator
		{1FEB6C36-72EF-4153-8F09-8CAB202CD5EB}.Release|iPhoneSimulator.Build.0 = Release|iPhoneSimulator
		{1FEB6C36-72EF-4153-8F09-8CAB202CD5EB}.Release|x64.ActiveCfg = Release|iPhone
		{1FEB6C36-72EF-4153-8F09-8CAB202CD5EB}.Release|x86.ActiveCfg = Release|iPhone
		{AD9D4D83-60FD-4F62-9621-39023D5E8DB2}.Ad-Hoc|Any CPU.ActiveCfg = Release|Any CPU
		{AD9D4D83-60FD-4F62-9621-39023D5E8DB2}.Ad-Hoc|Any CPU.Build.0 = Release|Any CPU
		{AD9D4D83-60FD-4F62-9621-39023D5E8DB2}.Ad-Hoc|ARM.ActiveCfg = Release|Any CPU
		{AD9D4D83-60FD-4F62-9621-39023D5E8DB2}.Ad-Hoc|ARM.Build.0 = Release|Any CPU
		{AD9D4D83-60FD-4F62-9621-39023D5E8DB2}.Ad-Hoc|iPhone.ActiveCfg = Release|Any CPU
		{AD9D4D83-60FD-4F62-9621-39023D5E8DB2}.Ad-Hoc|iPhone.Build.0 = Release|Any CPU
		{AD9D4D83-60FD-4F62-9621-39023D5E8DB2}.Ad-Hoc|iPhoneSimulator.ActiveCfg = Release|Any CPU
		{AD9D4D83-60FD-4F62-9621-39023D5E8DB2}.Ad-Hoc|iPhoneSimulator.Build.0 = Release|Any CPU
		{AD9D4D83-60FD-4F62-9621-39023D5E8DB2}.Ad-Hoc|x64.ActiveCfg = Release|Any CPU
		{AD9D4D83-60FD-4F62-9621-39023D5E8DB2}.Ad-Hoc|x64.Build.0 = Release|Any CPU
		{AD9D4D83-60FD-4F62-9621-39023D5E8DB2}.Ad-Hoc|x86.ActiveCfg = Release|Any CPU
		{AD9D4D83-60FD-4F62-9621-39023D5E8DB2}.Ad-Hoc|x86.Build.0 = Release|Any CPU
		{AD9D4D83-60FD-4F62-9621-39023D5E8DB2}.AppStore|Any CPU.ActiveCfg = Release|Any CPU
		{AD9D4D83-60FD-4F62-9621-39023D5E8DB2}.AppStore|Any CPU.Build.0 = Release|Any CPU
		{AD9D4D83-60FD-4F62-9621-39023D5E8DB2}.AppStore|ARM.ActiveCfg = Release|Any CPU
		{AD9D4D83-60FD-4F62-9621-39023D5E8DB2}.AppStore|ARM.Build.0 = Release|Any CPU
		{AD9D4D83-60FD-4F62-9621-39023D5E8DB2}.AppStore|iPhone.ActiveCfg = Release|Any CPU
		{AD9D4D83-60FD-4F62-9621-39023D5E8DB2}.AppStore|iPhone.Build.0 = Release|Any CPU
		{AD9D4D83-60FD-4F62-9621-39023D5E8DB2}.AppStore|iPhoneSimulator.ActiveCfg = Release|Any CPU
		{AD9D4D83-60FD-4F62-9621-39023D5E8DB2}.AppStore|iPhoneSimulator.Build.0 = Release|Any CPU
		{AD9D4D83-60FD-4F62-9621-39023D5E8DB2}.AppStore|x64.ActiveCfg = Release|Any CPU
		{AD9D4D83-60FD-4F62-9621-39023D5E8DB2}.AppStore|x64.Build.0 = Release|Any CPU
		{AD9D4D83-60FD-4F62-9621-39023D5E8DB2}.AppStore|x86.ActiveCfg = Release|Any CPU
		{AD9D4D83-60FD-4F62-9621-39023D5E8DB2}.AppStore|x86.Build.0 = Release|Any CPU
		{AD9D4D83-60FD-4F62-9621-39023D5E8DB2}.Debug|Any CPU.ActiveCfg = Debug|Any CPU
		{AD9D4D83-60FD-4F62-9621-39023D5E8DB2}.Debug|Any CPU.Build.0 = Debug|Any CPU
		{AD9D4D83-60FD-4F62-9621-39023D5E8DB2}.Debug|ARM.ActiveCfg = Debug|Any CPU
		{AD9D4D83-60FD-4F62-9621-39023D5E8DB2}.Debug|ARM.Build.0 = Debug|Any CPU
		{AD9D4D83-60FD-4F62-9621-39023D5E8DB2}.Debug|iPhone.ActiveCfg = Debug|Any CPU
		{AD9D4D83-60FD-4F62-9621-39023D5E8DB2}.Debug|iPhone.Build.0 = Debug|Any CPU
		{AD9D4D83-60FD-4F62-9621-39023D5E8DB2}.Debug|iPhoneSimulator.ActiveCfg = Debug|Any CPU
		{AD9D4D83-60FD-4F62-9621-39023D5E8DB2}.Debug|iPhoneSimulator.Build.0 = Debug|Any CPU
		{AD9D4D83-60FD-4F62-9621-39023D5E8DB2}.Debug|x64.ActiveCfg = Debug|Any CPU
		{AD9D4D83-60FD-4F62-9621-39023D5E8DB2}.Debug|x64.Build.0 = Debug|Any CPU
		{AD9D4D83-60FD-4F62-9621-39023D5E8DB2}.Debug|x86.ActiveCfg = Debug|Any CPU
		{AD9D4D83-60FD-4F62-9621-39023D5E8DB2}.Debug|x86.Build.0 = Debug|Any CPU
		{AD9D4D83-60FD-4F62-9621-39023D5E8DB2}.Release|Any CPU.ActiveCfg = Release|Any CPU
		{AD9D4D83-60FD-4F62-9621-39023D5E8DB2}.Release|Any CPU.Build.0 = Release|Any CPU
		{AD9D4D83-60FD-4F62-9621-39023D5E8DB2}.Release|ARM.ActiveCfg = Release|Any CPU
		{AD9D4D83-60FD-4F62-9621-39023D5E8DB2}.Release|ARM.Build.0 = Release|Any CPU
		{AD9D4D83-60FD-4F62-9621-39023D5E8DB2}.Release|iPhone.ActiveCfg = Release|Any CPU
		{AD9D4D83-60FD-4F62-9621-39023D5E8DB2}.Release|iPhone.Build.0 = Release|Any CPU
		{AD9D4D83-60FD-4F62-9621-39023D5E8DB2}.Release|iPhoneSimulator.ActiveCfg = Release|Any CPU
		{AD9D4D83-60FD-4F62-9621-39023D5E8DB2}.Release|iPhoneSimulator.Build.0 = Release|Any CPU
		{AD9D4D83-60FD-4F62-9621-39023D5E8DB2}.Release|x64.ActiveCfg = Release|Any CPU
		{AD9D4D83-60FD-4F62-9621-39023D5E8DB2}.Release|x64.Build.0 = Release|Any CPU
		{AD9D4D83-60FD-4F62-9621-39023D5E8DB2}.Release|x86.ActiveCfg = Release|Any CPU
		{AD9D4D83-60FD-4F62-9621-39023D5E8DB2}.Release|x86.Build.0 = Release|Any CPU
		{C0CFC4E0-EFE7-4C2C-89CD-E24E61A527F4}.Ad-Hoc|Any CPU.ActiveCfg = Release|Any CPU
		{C0CFC4E0-EFE7-4C2C-89CD-E24E61A527F4}.Ad-Hoc|Any CPU.Build.0 = Release|Any CPU
		{C0CFC4E0-EFE7-4C2C-89CD-E24E61A527F4}.Ad-Hoc|ARM.ActiveCfg = Release|ARM
		{C0CFC4E0-EFE7-4C2C-89CD-E24E61A527F4}.Ad-Hoc|ARM.Build.0 = Release|ARM
		{C0CFC4E0-EFE7-4C2C-89CD-E24E61A527F4}.Ad-Hoc|iPhone.ActiveCfg = Release|Any CPU
		{C0CFC4E0-EFE7-4C2C-89CD-E24E61A527F4}.Ad-Hoc|iPhone.Build.0 = Release|Any CPU
		{C0CFC4E0-EFE7-4C2C-89CD-E24E61A527F4}.Ad-Hoc|iPhoneSimulator.ActiveCfg = Release|Any CPU
		{C0CFC4E0-EFE7-4C2C-89CD-E24E61A527F4}.Ad-Hoc|iPhoneSimulator.Build.0 = Release|Any CPU
		{C0CFC4E0-EFE7-4C2C-89CD-E24E61A527F4}.Ad-Hoc|x64.ActiveCfg = Release|x64
		{C0CFC4E0-EFE7-4C2C-89CD-E24E61A527F4}.Ad-Hoc|x64.Build.0 = Release|x64
		{C0CFC4E0-EFE7-4C2C-89CD-E24E61A527F4}.Ad-Hoc|x86.ActiveCfg = Release|x86
		{C0CFC4E0-EFE7-4C2C-89CD-E24E61A527F4}.Ad-Hoc|x86.Build.0 = Release|x86
		{C0CFC4E0-EFE7-4C2C-89CD-E24E61A527F4}.AppStore|Any CPU.ActiveCfg = Release|Any CPU
		{C0CFC4E0-EFE7-4C2C-89CD-E24E61A527F4}.AppStore|Any CPU.Build.0 = Release|Any CPU
		{C0CFC4E0-EFE7-4C2C-89CD-E24E61A527F4}.AppStore|ARM.ActiveCfg = Release|ARM
		{C0CFC4E0-EFE7-4C2C-89CD-E24E61A527F4}.AppStore|ARM.Build.0 = Release|ARM
		{C0CFC4E0-EFE7-4C2C-89CD-E24E61A527F4}.AppStore|iPhone.ActiveCfg = Release|Any CPU
		{C0CFC4E0-EFE7-4C2C-89CD-E24E61A527F4}.AppStore|iPhone.Build.0 = Release|Any CPU
		{C0CFC4E0-EFE7-4C2C-89CD-E24E61A527F4}.AppStore|iPhoneSimulator.ActiveCfg = Release|Any CPU
		{C0CFC4E0-EFE7-4C2C-89CD-E24E61A527F4}.AppStore|iPhoneSimulator.Build.0 = Release|Any CPU
		{C0CFC4E0-EFE7-4C2C-89CD-E24E61A527F4}.AppStore|x64.ActiveCfg = Release|x64
		{C0CFC4E0-EFE7-4C2C-89CD-E24E61A527F4}.AppStore|x64.Build.0 = Release|x64
		{C0CFC4E0-EFE7-4C2C-89CD-E24E61A527F4}.AppStore|x86.ActiveCfg = Release|x86
		{C0CFC4E0-EFE7-4C2C-89CD-E24E61A527F4}.AppStore|x86.Build.0 = Release|x86
		{C0CFC4E0-EFE7-4C2C-89CD-E24E61A527F4}.Debug|Any CPU.ActiveCfg = Debug|Any CPU
		{C0CFC4E0-EFE7-4C2C-89CD-E24E61A527F4}.Debug|Any CPU.Build.0 = Debug|Any CPU
		{C0CFC4E0-EFE7-4C2C-89CD-E24E61A527F4}.Debug|ARM.ActiveCfg = Debug|ARM
		{C0CFC4E0-EFE7-4C2C-89CD-E24E61A527F4}.Debug|ARM.Build.0 = Debug|ARM
		{C0CFC4E0-EFE7-4C2C-89CD-E24E61A527F4}.Debug|iPhone.ActiveCfg = Debug|Any CPU
		{C0CFC4E0-EFE7-4C2C-89CD-E24E61A527F4}.Debug|iPhone.Build.0 = Debug|Any CPU
		{C0CFC4E0-EFE7-4C2C-89CD-E24E61A527F4}.Debug|iPhoneSimulator.ActiveCfg = Debug|Any CPU
		{C0CFC4E0-EFE7-4C2C-89CD-E24E61A527F4}.Debug|iPhoneSimulator.Build.0 = Debug|Any CPU
		{C0CFC4E0-EFE7-4C2C-89CD-E24E61A527F4}.Debug|x64.ActiveCfg = Debug|x64
		{C0CFC4E0-EFE7-4C2C-89CD-E24E61A527F4}.Debug|x64.Build.0 = Debug|x64
		{C0CFC4E0-EFE7-4C2C-89CD-E24E61A527F4}.Debug|x86.ActiveCfg = Debug|x86
		{C0CFC4E0-EFE7-4C2C-89CD-E24E61A527F4}.Debug|x86.Build.0 = Debug|x86
		{C0CFC4E0-EFE7-4C2C-89CD-E24E61A527F4}.Release|Any CPU.ActiveCfg = Release|Any CPU
		{C0CFC4E0-EFE7-4C2C-89CD-E24E61A527F4}.Release|Any CPU.Build.0 = Release|Any CPU
		{C0CFC4E0-EFE7-4C2C-89CD-E24E61A527F4}.Release|ARM.ActiveCfg = Release|ARM
		{C0CFC4E0-EFE7-4C2C-89CD-E24E61A527F4}.Release|ARM.Build.0 = Release|ARM
		{C0CFC4E0-EFE7-4C2C-89CD-E24E61A527F4}.Release|iPhone.ActiveCfg = Release|Any CPU
		{C0CFC4E0-EFE7-4C2C-89CD-E24E61A527F4}.Release|iPhone.Build.0 = Release|Any CPU
		{C0CFC4E0-EFE7-4C2C-89CD-E24E61A527F4}.Release|iPhoneSimulator.ActiveCfg = Release|Any CPU
		{C0CFC4E0-EFE7-4C2C-89CD-E24E61A527F4}.Release|iPhoneSimulator.Build.0 = Release|Any CPU
		{C0CFC4E0-EFE7-4C2C-89CD-E24E61A527F4}.Release|x64.ActiveCfg = Release|x64
		{C0CFC4E0-EFE7-4C2C-89CD-E24E61A527F4}.Release|x64.Build.0 = Release|x64
		{C0CFC4E0-EFE7-4C2C-89CD-E24E61A527F4}.Release|x86.ActiveCfg = Release|x86
		{C0CFC4E0-EFE7-4C2C-89CD-E24E61A527F4}.Release|x86.Build.0 = Release|x86
		{E6DE867D-3573-4AD7-BAD4-04FF4AB89FD5}.Ad-Hoc|Any CPU.ActiveCfg = Release|Any CPU
		{E6DE867D-3573-4AD7-BAD4-04FF4AB89FD5}.Ad-Hoc|Any CPU.Build.0 = Release|Any CPU
		{E6DE867D-3573-4AD7-BAD4-04FF4AB89FD5}.Ad-Hoc|ARM.ActiveCfg = Release|Any CPU
		{E6DE867D-3573-4AD7-BAD4-04FF4AB89FD5}.Ad-Hoc|ARM.Build.0 = Release|Any CPU
		{E6DE867D-3573-4AD7-BAD4-04FF4AB89FD5}.Ad-Hoc|iPhone.ActiveCfg = Release|Any CPU
		{E6DE867D-3573-4AD7-BAD4-04FF4AB89FD5}.Ad-Hoc|iPhone.Build.0 = Release|Any CPU
		{E6DE867D-3573-4AD7-BAD4-04FF4AB89FD5}.Ad-Hoc|iPhoneSimulator.ActiveCfg = Release|Any CPU
		{E6DE867D-3573-4AD7-BAD4-04FF4AB89FD5}.Ad-Hoc|iPhoneSimulator.Build.0 = Release|Any CPU
		{E6DE867D-3573-4AD7-BAD4-04FF4AB89FD5}.Ad-Hoc|x64.ActiveCfg = Release|Any CPU
		{E6DE867D-3573-4AD7-BAD4-04FF4AB89FD5}.Ad-Hoc|x64.Build.0 = Release|Any CPU
		{E6DE867D-3573-4AD7-BAD4-04FF4AB89FD5}.Ad-Hoc|x86.ActiveCfg = Release|Any CPU
		{E6DE867D-3573-4AD7-BAD4-04FF4AB89FD5}.Ad-Hoc|x86.Build.0 = Release|Any CPU
		{E6DE867D-3573-4AD7-BAD4-04FF4AB89FD5}.AppStore|Any CPU.ActiveCfg = Release|Any CPU
		{E6DE867D-3573-4AD7-BAD4-04FF4AB89FD5}.AppStore|Any CPU.Build.0 = Release|Any CPU
		{E6DE867D-3573-4AD7-BAD4-04FF4AB89FD5}.AppStore|ARM.ActiveCfg = Release|Any CPU
		{E6DE867D-3573-4AD7-BAD4-04FF4AB89FD5}.AppStore|ARM.Build.0 = Release|Any CPU
		{E6DE867D-3573-4AD7-BAD4-04FF4AB89FD5}.AppStore|iPhone.ActiveCfg = Release|Any CPU
		{E6DE867D-3573-4AD7-BAD4-04FF4AB89FD5}.AppStore|iPhone.Build.0 = Release|Any CPU
		{E6DE867D-3573-4AD7-BAD4-04FF4AB89FD5}.AppStore|iPhoneSimulator.ActiveCfg = Release|Any CPU
		{E6DE867D-3573-4AD7-BAD4-04FF4AB89FD5}.AppStore|iPhoneSimulator.Build.0 = Release|Any CPU
		{E6DE867D-3573-4AD7-BAD4-04FF4AB89FD5}.AppStore|x64.ActiveCfg = Release|Any CPU
		{E6DE867D-3573-4AD7-BAD4-04FF4AB89FD5}.AppStore|x64.Build.0 = Release|Any CPU
		{E6DE867D-3573-4AD7-BAD4-04FF4AB89FD5}.AppStore|x86.ActiveCfg = Release|Any CPU
		{E6DE867D-3573-4AD7-BAD4-04FF4AB89FD5}.AppStore|x86.Build.0 = Release|Any CPU
		{E6DE867D-3573-4AD7-BAD4-04FF4AB89FD5}.Debug|Any CPU.ActiveCfg = Debug|Any CPU
		{E6DE867D-3573-4AD7-BAD4-04FF4AB89FD5}.Debug|Any CPU.Build.0 = Debug|Any CPU
		{E6DE867D-3573-4AD7-BAD4-04FF4AB89FD5}.Debug|ARM.ActiveCfg = Debug|Any CPU
		{E6DE867D-3573-4AD7-BAD4-04FF4AB89FD5}.Debug|ARM.Build.0 = Debug|Any CPU
		{E6DE867D-3573-4AD7-BAD4-04FF4AB89FD5}.Debug|iPhone.ActiveCfg = Debug|Any CPU
		{E6DE867D-3573-4AD7-BAD4-04FF4AB89FD5}.Debug|iPhone.Build.0 = Debug|Any CPU
		{E6DE867D-3573-4AD7-BAD4-04FF4AB89FD5}.Debug|iPhoneSimulator.ActiveCfg = Debug|Any CPU
		{E6DE867D-3573-4AD7-BAD4-04FF4AB89FD5}.Debug|iPhoneSimulator.Build.0 = Debug|Any CPU
		{E6DE867D-3573-4AD7-BAD4-04FF4AB89FD5}.Debug|x64.ActiveCfg = Debug|Any CPU
		{E6DE867D-3573-4AD7-BAD4-04FF4AB89FD5}.Debug|x64.Build.0 = Debug|Any CPU
		{E6DE867D-3573-4AD7-BAD4-04FF4AB89FD5}.Debug|x86.ActiveCfg = Debug|Any CPU
		{E6DE867D-3573-4AD7-BAD4-04FF4AB89FD5}.Debug|x86.Build.0 = Debug|Any CPU
		{E6DE867D-3573-4AD7-BAD4-04FF4AB89FD5}.Release|Any CPU.ActiveCfg = Release|Any CPU
		{E6DE867D-3573-4AD7-BAD4-04FF4AB89FD5}.Release|Any CPU.Build.0 = Release|Any CPU
		{E6DE867D-3573-4AD7-BAD4-04FF4AB89FD5}.Release|ARM.ActiveCfg = Release|Any CPU
		{E6DE867D-3573-4AD7-BAD4-04FF4AB89FD5}.Release|ARM.Build.0 = Release|Any CPU
		{E6DE867D-3573-4AD7-BAD4-04FF4AB89FD5}.Release|iPhone.ActiveCfg = Release|Any CPU
		{E6DE867D-3573-4AD7-BAD4-04FF4AB89FD5}.Release|iPhone.Build.0 = Release|Any CPU
		{E6DE867D-3573-4AD7-BAD4-04FF4AB89FD5}.Release|iPhoneSimulator.ActiveCfg = Release|Any CPU
		{E6DE867D-3573-4AD7-BAD4-04FF4AB89FD5}.Release|iPhoneSimulator.Build.0 = Release|Any CPU
		{E6DE867D-3573-4AD7-BAD4-04FF4AB89FD5}.Release|x64.ActiveCfg = Release|Any CPU
		{E6DE867D-3573-4AD7-BAD4-04FF4AB89FD5}.Release|x64.Build.0 = Release|Any CPU
		{E6DE867D-3573-4AD7-BAD4-04FF4AB89FD5}.Release|x86.ActiveCfg = Release|Any CPU
		{E6DE867D-3573-4AD7-BAD4-04FF4AB89FD5}.Release|x86.Build.0 = Release|Any CPU
		{75DBED6E-67B8-4207-9C66-28FFF59D827F}.Ad-Hoc|Any CPU.ActiveCfg = Release|Any CPU
		{75DBED6E-67B8-4207-9C66-28FFF59D827F}.Ad-Hoc|Any CPU.Build.0 = Release|Any CPU
		{75DBED6E-67B8-4207-9C66-28FFF59D827F}.Ad-Hoc|ARM.ActiveCfg = Release|Any CPU
		{75DBED6E-67B8-4207-9C66-28FFF59D827F}.Ad-Hoc|ARM.Build.0 = Release|Any CPU
		{75DBED6E-67B8-4207-9C66-28FFF59D827F}.Ad-Hoc|iPhone.ActiveCfg = Release|Any CPU
		{75DBED6E-67B8-4207-9C66-28FFF59D827F}.Ad-Hoc|iPhone.Build.0 = Release|Any CPU
		{75DBED6E-67B8-4207-9C66-28FFF59D827F}.Ad-Hoc|iPhoneSimulator.ActiveCfg = Release|Any CPU
		{75DBED6E-67B8-4207-9C66-28FFF59D827F}.Ad-Hoc|iPhoneSimulator.Build.0 = Release|Any CPU
		{75DBED6E-67B8-4207-9C66-28FFF59D827F}.Ad-Hoc|x64.ActiveCfg = Release|Any CPU
		{75DBED6E-67B8-4207-9C66-28FFF59D827F}.Ad-Hoc|x64.Build.0 = Release|Any CPU
		{75DBED6E-67B8-4207-9C66-28FFF59D827F}.Ad-Hoc|x86.ActiveCfg = Release|Any CPU
		{75DBED6E-67B8-4207-9C66-28FFF59D827F}.Ad-Hoc|x86.Build.0 = Release|Any CPU
		{75DBED6E-67B8-4207-9C66-28FFF59D827F}.AppStore|Any CPU.ActiveCfg = Release|Any CPU
		{75DBED6E-67B8-4207-9C66-28FFF59D827F}.AppStore|Any CPU.Build.0 = Release|Any CPU
		{75DBED6E-67B8-4207-9C66-28FFF59D827F}.AppStore|ARM.ActiveCfg = Release|Any CPU
		{75DBED6E-67B8-4207-9C66-28FFF59D827F}.AppStore|ARM.Build.0 = Release|Any CPU
		{75DBED6E-67B8-4207-9C66-28FFF59D827F}.AppStore|iPhone.ActiveCfg = Release|Any CPU
		{75DBED6E-67B8-4207-9C66-28FFF59D827F}.AppStore|iPhone.Build.0 = Release|Any CPU
		{75DBED6E-67B8-4207-9C66-28FFF59D827F}.AppStore|iPhoneSimulator.ActiveCfg = Release|Any CPU
		{75DBED6E-67B8-4207-9C66-28FFF59D827F}.AppStore|iPhoneSimulator.Build.0 = Release|Any CPU
		{75DBED6E-67B8-4207-9C66-28FFF59D827F}.AppStore|x64.ActiveCfg = Release|Any CPU
		{75DBED6E-67B8-4207-9C66-28FFF59D827F}.AppStore|x64.Build.0 = Release|Any CPU
		{75DBED6E-67B8-4207-9C66-28FFF59D827F}.AppStore|x86.ActiveCfg = Release|Any CPU
		{75DBED6E-67B8-4207-9C66-28FFF59D827F}.AppStore|x86.Build.0 = Release|Any CPU
		{75DBED6E-67B8-4207-9C66-28FFF59D827F}.Debug|Any CPU.ActiveCfg = Debug|Any CPU
		{75DBED6E-67B8-4207-9C66-28FFF59D827F}.Debug|Any CPU.Build.0 = Debug|Any CPU
		{75DBED6E-67B8-4207-9C66-28FFF59D827F}.Debug|ARM.ActiveCfg = Debug|Any CPU
		{75DBED6E-67B8-4207-9C66-28FFF59D827F}.Debug|ARM.Build.0 = Debug|Any CPU
		{75DBED6E-67B8-4207-9C66-28FFF59D827F}.Debug|iPhone.ActiveCfg = Debug|Any CPU
		{75DBED6E-67B8-4207-9C66-28FFF59D827F}.Debug|iPhone.Build.0 = Debug|Any CPU
		{75DBED6E-67B8-4207-9C66-28FFF59D827F}.Debug|iPhoneSimulator.ActiveCfg = Debug|Any CPU
		{75DBED6E-67B8-4207-9C66-28FFF59D827F}.Debug|iPhoneSimulator.Build.0 = Debug|Any CPU
		{75DBED6E-67B8-4207-9C66-28FFF59D827F}.Debug|x64.ActiveCfg = Debug|Any CPU
		{75DBED6E-67B8-4207-9C66-28FFF59D827F}.Debug|x64.Build.0 = Debug|Any CPU
		{75DBED6E-67B8-4207-9C66-28FFF59D827F}.Debug|x86.ActiveCfg = Debug|Any CPU
		{75DBED6E-67B8-4207-9C66-28FFF59D827F}.Debug|x86.Build.0 = Debug|Any CPU
		{75DBED6E-67B8-4207-9C66-28FFF59D827F}.Release|Any CPU.ActiveCfg = Release|Any CPU
		{75DBED6E-67B8-4207-9C66-28FFF59D827F}.Release|Any CPU.Build.0 = Release|Any CPU
		{75DBED6E-67B8-4207-9C66-28FFF59D827F}.Release|ARM.ActiveCfg = Release|Any CPU
		{75DBED6E-67B8-4207-9C66-28FFF59D827F}.Release|ARM.Build.0 = Release|Any CPU
		{75DBED6E-67B8-4207-9C66-28FFF59D827F}.Release|iPhone.ActiveCfg = Release|Any CPU
		{75DBED6E-67B8-4207-9C66-28FFF59D827F}.Release|iPhone.Build.0 = Release|Any CPU
		{75DBED6E-67B8-4207-9C66-28FFF59D827F}.Release|iPhoneSimulator.ActiveCfg = Release|Any CPU
		{75DBED6E-67B8-4207-9C66-28FFF59D827F}.Release|iPhoneSimulator.Build.0 = Release|Any CPU
		{75DBED6E-67B8-4207-9C66-28FFF59D827F}.Release|x64.ActiveCfg = Release|Any CPU
		{75DBED6E-67B8-4207-9C66-28FFF59D827F}.Release|x64.Build.0 = Release|Any CPU
		{75DBED6E-67B8-4207-9C66-28FFF59D827F}.Release|x86.ActiveCfg = Release|Any CPU
		{75DBED6E-67B8-4207-9C66-28FFF59D827F}.Release|x86.Build.0 = Release|Any CPU
	EndGlobalSection
	GlobalSection(SolutionProperties) = preSolution
		HideSolutionNode = FALSE
	EndGlobalSection
	GlobalSection(NestedProjects) = preSolution
		{8233BD7F-5A2D-47CF-89ED-DD502D7BAF9C} = {71976E92-9F30-4999-BA58-E668642BBC43}
		{8BB6D9BD-A199-419E-8656-DB8C6F697463} = {71976E92-9F30-4999-BA58-E668642BBC43}
		{309C9603-7FC3-458D-B676-4EFB6E127FFC} = {71976E92-9F30-4999-BA58-E668642BBC43}
		{1FEB6C36-72EF-4153-8F09-8CAB202CD5EB} = {71976E92-9F30-4999-BA58-E668642BBC43}
		{AD9D4D83-60FD-4F62-9621-39023D5E8DB2} = {2842AE64-9422-4FEA-9FCB-3EEB17EF8BA9}
		{C0CFC4E0-EFE7-4C2C-89CD-E24E61A527F4} = {2842AE64-9422-4FEA-9FCB-3EEB17EF8BA9}
		{E6DE867D-3573-4AD7-BAD4-04FF4AB89FD5} = {2842AE64-9422-4FEA-9FCB-3EEB17EF8BA9}
		{75DBED6E-67B8-4207-9C66-28FFF59D827F} = {2842AE64-9422-4FEA-9FCB-3EEB17EF8BA9}
	EndGlobalSection
EndGlobal
